// !$*UTF8*$!
{
	archiveVersion = 1;
	classes = {
	};
	objectVersion = 50;
	objects = {

/* Begin PBXBuildFile section */
		8FA1B4EC265995DB00230CDC /* Constant.swift in Sources */ = {isa = PBXBuildFile; fileRef = 8FA1B4E9265995DB00230CDC /* Constant.swift */; };
		8FA1B4ED265995DB00230CDC /* CustomShape.swift in Sources */ = {isa = PBXBuildFile; fileRef = 8FA1B4EA265995DB00230CDC /* CustomShape.swift */; };
		8FA1B4EE265995DB00230CDC /* Shop.swift in Sources */ = {isa = PBXBuildFile; fileRef = 8FA1B4EB265995DB00230CDC /* Shop.swift */; };
		8FA1B4F52659960400230CDC /* brand.json in Resources */ = {isa = PBXBuildFile; fileRef = 8FA1B4F12659960400230CDC /* brand.json */; };
		8FA1B4F62659960400230CDC /* player.json in Resources */ = {isa = PBXBuildFile; fileRef = 8FA1B4F22659960400230CDC /* player.json */; };
		8FA1B4F72659960400230CDC /* category.json in Resources */ = {isa = PBXBuildFile; fileRef = 8FA1B4F32659960400230CDC /* category.json */; };
		8FA1B4F82659960400230CDC /* product.json in Resources */ = {isa = PBXBuildFile; fileRef = 8FA1B4F42659960400230CDC /* product.json */; };
		8FA1B4FC2659964500230CDC /* CodableBundleExtension.swift in Sources */ = {isa = PBXBuildFile; fileRef = 8FA1B4FB2659964500230CDC /* CodableBundleExtension.swift */; };
		8FAFB49026598BA500C34571 /* TouchDownAppApp.swift in Sources */ = {isa = PBXBuildFile; fileRef = 8FAFB48F26598BA500C34571 /* TouchDownAppApp.swift */; };
		8FAFB49226598BA500C34571 /* ContentView.swift in Sources */ = {isa = PBXBuildFile; fileRef = 8FAFB49126598BA500C34571 /* ContentView.swift */; };
		8FAFB49426598BA800C34571 /* Assets.xcassets in Resources */ = {isa = PBXBuildFile; fileRef = 8FAFB49326598BA800C34571 /* Assets.xcassets */; };
		8FAFB49726598BA800C34571 /* Preview Assets.xcassets in Resources */ = {isa = PBXBuildFile; fileRef = 8FAFB49626598BA800C34571 /* Preview Assets.xcassets */; };
		8FB445292674D64100394E5C /* BrandModel.swift in Sources */ = {isa = PBXBuildFile; fileRef = 8FB445282674D64100394E5C /* BrandModel.swift */; };
		8FB4452B2674D66800394E5C /* CategoryModel.swift in Sources */ = {isa = PBXBuildFile; fileRef = 8FB4452A2674D66800394E5C /* CategoryModel.swift */; };
		8FB4452D2674D6AE00394E5C /* PlayerModel.swift in Sources */ = {isa = PBXBuildFile; fileRef = 8FB4452C2674D6AE00394E5C /* PlayerModel.swift */; };
		8FB4452F2674D6F900394E5C /* ProductModel.swift in Sources */ = {isa = PBXBuildFile; fileRef = 8FB4452E2674D6F900394E5C /* ProductModel.swift */; };
		8FB44535267518D900394E5C /* FooterView.swift in Sources */ = {isa = PBXBuildFile; fileRef = 8FB44534267518D900394E5C /* FooterView.swift */; };
		8FB4453726751EB600394E5C /* NavigationBarView.swift in Sources */ = {isa = PBXBuildFile; fileRef = 8FB4453626751EB600394E5C /* NavigationBarView.swift */; };
		8FB4453926751FCA00394E5C /* LogoView.swift in Sources */ = {isa = PBXBuildFile; fileRef = 8FB4453826751FCA00394E5C /* LogoView.swift */; };
		8FB4453B267565F800394E5C /* FeaturedItemView.swift in Sources */ = {isa = PBXBuildFile; fileRef = 8FB4453A267565F800394E5C /* FeaturedItemView.swift */; };
		8FB4453D26756ACE00394E5C /* FeaturedTabView.swift in Sources */ = {isa = PBXBuildFile; fileRef = 8FB4453C26756ACE00394E5C /* FeaturedTabView.swift */; };
		8FB44542267573A900394E5C /* CategoryGridView.swift in Sources */ = {isa = PBXBuildFile; fileRef = 8FB44541267573A900394E5C /* CategoryGridView.swift */; };
		8FB4454426767A3100394E5C /* CategoryItemView.swift in Sources */ = {isa = PBXBuildFile; fileRef = 8FB4454326767A3100394E5C /* CategoryItemView.swift */; };
/* End PBXBuildFile section */

/* Begin PBXFileReference section */
		8FA1B4E9265995DB00230CDC /* Constant.swift */ = {isa = PBXFileReference; fileEncoding = 4; lastKnownFileType = sourcecode.swift; path = Constant.swift; sourceTree = "<group>"; };
		8FA1B4EA265995DB00230CDC /* CustomShape.swift */ = {isa = PBXFileReference; fileEncoding = 4; lastKnownFileType = sourcecode.swift; path = CustomShape.swift; sourceTree = "<group>"; };
		8FA1B4EB265995DB00230CDC /* Shop.swift */ = {isa = PBXFileReference; fileEncoding = 4; lastKnownFileType = sourcecode.swift; path = Shop.swift; sourceTree = "<group>"; };
		8FA1B4F12659960400230CDC /* brand.json */ = {isa = PBXFileReference; fileEncoding = 4; lastKnownFileType = text.json; path = brand.json; sourceTree = "<group>"; };
		8FA1B4F22659960400230CDC /* player.json */ = {isa = PBXFileReference; fileEncoding = 4; lastKnownFileType = text.json; path = player.json; sourceTree = "<group>"; };
		8FA1B4F32659960400230CDC /* category.json */ = {isa = PBXFileReference; fileEncoding = 4; lastKnownFileType = text.json; path = category.json; sourceTree = "<group>"; };
		8FA1B4F42659960400230CDC /* product.json */ = {isa = PBXFileReference; fileEncoding = 4; lastKnownFileType = text.json; path = product.json; sourceTree = "<group>"; };
		8FA1B4FB2659964500230CDC /* CodableBundleExtension.swift */ = {isa = PBXFileReference; fileEncoding = 4; lastKnownFileType = sourcecode.swift; path = CodableBundleExtension.swift; sourceTree = "<group>"; };
		8FAFB48C26598BA500C34571 /* TouchDownApp.app */ = {isa = PBXFileReference; explicitFileType = wrapper.application; includeInIndex = 0; path = TouchDownApp.app; sourceTree = BUILT_PRODUCTS_DIR; };
		8FAFB48F26598BA500C34571 /* TouchDownAppApp.swift */ = {isa = PBXFileReference; lastKnownFileType = sourcecode.swift; path = TouchDownAppApp.swift; sourceTree = "<group>"; };
		8FAFB49126598BA500C34571 /* ContentView.swift */ = {isa = PBXFileReference; lastKnownFileType = sourcecode.swift; path = ContentView.swift; sourceTree = "<group>"; };
		8FAFB49326598BA800C34571 /* Assets.xcassets */ = {isa = PBXFileReference; lastKnownFileType = folder.assetcatalog; path = Assets.xcassets; sourceTree = "<group>"; };
		8FAFB49626598BA800C34571 /* Preview Assets.xcassets */ = {isa = PBXFileReference; lastKnownFileType = folder.assetcatalog; path = "Preview Assets.xcassets"; sourceTree = "<group>"; };
		8FAFB49826598BA800C34571 /* Info.plist */ = {isa = PBXFileReference; lastKnownFileType = text.plist.xml; path = Info.plist; sourceTree = "<group>"; };
		8FB445282674D64100394E5C /* BrandModel.swift */ = {isa = PBXFileReference; lastKnownFileType = sourcecode.swift; path = BrandModel.swift; sourceTree = "<group>"; };
		8FB4452A2674D66800394E5C /* CategoryModel.swift */ = {isa = PBXFileReference; lastKnownFileType = sourcecode.swift; path = CategoryModel.swift; sourceTree = "<group>"; };
		8FB4452C2674D6AE00394E5C /* PlayerModel.swift */ = {isa = PBXFileReference; lastKnownFileType = sourcecode.swift; path = PlayerModel.swift; sourceTree = "<group>"; };
		8FB4452E2674D6F900394E5C /* ProductModel.swift */ = {isa = PBXFileReference; lastKnownFileType = sourcecode.swift; path = ProductModel.swift; sourceTree = "<group>"; };
		8FB44534267518D900394E5C /* FooterView.swift */ = {isa = PBXFileReference; lastKnownFileType = sourcecode.swift; path = FooterView.swift; sourceTree = "<group>"; };
		8FB4453626751EB600394E5C /* NavigationBarView.swift */ = {isa = PBXFileReference; lastKnownFileType = sourcecode.swift; path = NavigationBarView.swift; sourceTree = "<group>"; };
		8FB4453826751FCA00394E5C /* LogoView.swift */ = {isa = PBXFileReference; lastKnownFileType = sourcecode.swift; path = LogoView.swift; sourceTree = "<group>"; };
		8FB4453A267565F800394E5C /* FeaturedItemView.swift */ = {isa = PBXFileReference; lastKnownFileType = sourcecode.swift; path = FeaturedItemView.swift; sourceTree = "<group>"; };
		8FB4453C26756ACE00394E5C /* FeaturedTabView.swift */ = {isa = PBXFileReference; lastKnownFileType = sourcecode.swift; path = FeaturedTabView.swift; sourceTree = "<group>"; };
		8FB44541267573A900394E5C /* CategoryGridView.swift */ = {isa = PBXFileReference; lastKnownFileType = sourcecode.swift; path = CategoryGridView.swift; sourceTree = "<group>"; };
		8FB4454326767A3100394E5C /* CategoryItemView.swift */ = {isa = PBXFileReference; lastKnownFileType = sourcecode.swift; path = CategoryItemView.swift; sourceTree = "<group>"; };
/* End PBXFileReference section */

/* Begin PBXFrameworksBuildPhase section */
		8FAFB48926598BA500C34571 /* Frameworks */ = {
			isa = PBXFrameworksBuildPhase;
			buildActionMask = 2147483647;
			files = (
			);
			runOnlyForDeploymentPostprocessing = 0;
		};
/* End PBXFrameworksBuildPhase section */

/* Begin PBXGroup section */
		8FA1B4E8265995DB00230CDC /* Utility */ = {
			isa = PBXGroup;
			children = (
				8FA1B4E9265995DB00230CDC /* Constant.swift */,
				8FA1B4EA265995DB00230CDC /* CustomShape.swift */,
				8FA1B4EB265995DB00230CDC /* Shop.swift */,
			);
			path = Utility;
			sourceTree = "<group>";
		};
		8FA1B4F02659960400230CDC /* Data */ = {
			isa = PBXGroup;
			children = (
				8FA1B4F12659960400230CDC /* brand.json */,
				8FA1B4F22659960400230CDC /* player.json */,
				8FA1B4F32659960400230CDC /* category.json */,
				8FA1B4F42659960400230CDC /* product.json */,
			);
			path = Data;
			sourceTree = "<group>";
		};
		8FA1B4FA2659964500230CDC /* Extension */ = {
			isa = PBXGroup;
			children = (
				8FA1B4FB2659964500230CDC /* CodableBundleExtension.swift */,
			);
			path = Extension;
			sourceTree = "<group>";
		};
		8FAFB48326598BA500C34571 = {
			isa = PBXGroup;
			children = (
				8FAFB48E26598BA500C34571 /* TouchDownApp */,
				8FAFB48D26598BA500C34571 /* Products */,
			);
			sourceTree = "<group>";
		};
		8FAFB48D26598BA500C34571 /* Products */ = {
			isa = PBXGroup;
			children = (
				8FAFB48C26598BA500C34571 /* TouchDownApp.app */,
			);
			name = Products;
			sourceTree = "<group>";
		};
		8FAFB48E26598BA500C34571 /* TouchDownApp */ = {
			isa = PBXGroup;
			children = (
				8FB445272674D5F700394E5C /* Model */,
				8FA1B4FA2659964500230CDC /* Extension */,
				8FA1B4F02659960400230CDC /* Data */,
				8FA1B4E8265995DB00230CDC /* Utility */,
				8FB445302675182700394E5C /* App */,
				8FB445312675184400394E5C /* View */,
				8FAFB49326598BA800C34571 /* Assets.xcassets */,
				8FAFB49826598BA800C34571 /* Info.plist */,
				8FAFB49526598BA800C34571 /* Preview Content */,
			);
			path = TouchDownApp;
			sourceTree = "<group>";
		};
		8FAFB49526598BA800C34571 /* Preview Content */ = {
			isa = PBXGroup;
			children = (
				8FAFB49626598BA800C34571 /* Preview Assets.xcassets */,
			);
			path = "Preview Content";
			sourceTree = "<group>";
		};
		8FB445272674D5F700394E5C /* Model */ = {
			isa = PBXGroup;
			children = (
				8FB445282674D64100394E5C /* BrandModel.swift */,
				8FB4452A2674D66800394E5C /* CategoryModel.swift */,
				8FB4452C2674D6AE00394E5C /* PlayerModel.swift */,
				8FB4452E2674D6F900394E5C /* ProductModel.swift */,
			);
			path = Model;
			sourceTree = "<group>";
		};
		8FB445302675182700394E5C /* App */ = {
			isa = PBXGroup;
			children = (
				8FAFB48F26598BA500C34571 /* TouchDownAppApp.swift */,
				8FAFB49126598BA500C34571 /* ContentView.swift */,
			);
			path = App;
			sourceTree = "<group>";
		};
		8FB445312675184400394E5C /* View */ = {
			isa = PBXGroup;
			children = (
				8FB445332675186100394E5C /* Home */,
				8FB445322675184D00394E5C /* Detail */,
			);
			path = View;
			sourceTree = "<group>";
		};
		8FB445322675184D00394E5C /* Detail */ = {
			isa = PBXGroup;
			children = (
			);
			path = Detail;
			sourceTree = "<group>";
		};
		8FB445332675186100394E5C /* Home */ = {
			isa = PBXGroup;
			children = (
				8FB4453E2675734300394E5C /* SectionZero */,
				8FB4453F2675736D00394E5C /* SectionOne */,
				8FB445402675738D00394E5C /* SectionTwo */,
				8FB44534267518D900394E5C /* FooterView.swift */,
			);
			path = Home;
			sourceTree = "<group>";
		};
		8FB4453E2675734300394E5C /* SectionZero */ = {
			isa = PBXGroup;
			children = (
				8FB4453626751EB600394E5C /* NavigationBarView.swift */,
				8FB4453826751FCA00394E5C /* LogoView.swift */,
			);
			path = SectionZero;
			sourceTree = "<group>";
		};
		8FB4453F2675736D00394E5C /* SectionOne */ = {
			isa = PBXGroup;
			children = (
				8FB4453A267565F800394E5C /* FeaturedItemView.swift */,
				8FB4453C26756ACE00394E5C /* FeaturedTabView.swift */,
			);
			path = SectionOne;
			sourceTree = "<group>";
		};
		8FB445402675738D00394E5C /* SectionTwo */ = {
			isa = PBXGroup;
			children = (
				8FB4454326767A3100394E5C /* CategoryItemView.swift */,
				8FB44541267573A900394E5C /* CategoryGridView.swift */,
			);
			path = SectionTwo;
			sourceTree = "<group>";
		};
/* End PBXGroup section */

/* Begin PBXNativeTarget section */
		8FAFB48B26598BA500C34571 /* TouchDownApp */ = {
			isa = PBXNativeTarget;
			buildConfigurationList = 8FAFB49B26598BA800C34571 /* Build configuration list for PBXNativeTarget "TouchDownApp" */;
			buildPhases = (
				8FAFB48826598BA500C34571 /* Sources */,
				8FAFB48926598BA500C34571 /* Frameworks */,
				8FAFB48A26598BA500C34571 /* Resources */,
			);
			buildRules = (
			);
			dependencies = (
			);
			name = TouchDownApp;
			productName = TouchDownApp;
			productReference = 8FAFB48C26598BA500C34571 /* TouchDownApp.app */;
			productType = "com.apple.product-type.application";
		};
/* End PBXNativeTarget section */

/* Begin PBXProject section */
		8FAFB48426598BA500C34571 /* Project object */ = {
			isa = PBXProject;
			attributes = {
				LastSwiftUpdateCheck = 1240;
				LastUpgradeCheck = 1240;
				TargetAttributes = {
					8FAFB48B26598BA500C34571 = {
						CreatedOnToolsVersion = 12.4;
					};
				};
			};
			buildConfigurationList = 8FAFB48726598BA500C34571 /* Build configuration list for PBXProject "TouchDownApp" */;
			compatibilityVersion = "Xcode 9.3";
			developmentRegion = en;
			hasScannedForEncodings = 0;
			knownRegions = (
				en,
				Base,
			);
			mainGroup = 8FAFB48326598BA500C34571;
			productRefGroup = 8FAFB48D26598BA500C34571 /* Products */;
			projectDirPath = "";
			projectRoot = "";
			targets = (
				8FAFB48B26598BA500C34571 /* TouchDownApp */,
			);
		};
/* End PBXProject section */

/* Begin PBXResourcesBuildPhase section */
		8FAFB48A26598BA500C34571 /* Resources */ = {
			isa = PBXResourcesBuildPhase;
			buildActionMask = 2147483647;
			files = (
				8FA1B4F62659960400230CDC /* player.json in Resources */,
				8FAFB49726598BA800C34571 /* Preview Assets.xcassets in Resources */,
				8FA1B4F72659960400230CDC /* category.json in Resources */,
				8FAFB49426598BA800C34571 /* Assets.xcassets in Resources */,
				8FA1B4F52659960400230CDC /* brand.json in Resources */,
				8FA1B4F82659960400230CDC /* product.json in Resources */,
			);
			runOnlyForDeploymentPostprocessing = 0;
		};
/* End PBXResourcesBuildPhase section */

/* Begin PBXSourcesBuildPhase section */
		8FAFB48826598BA500C34571 /* Sources */ = {
			isa = PBXSourcesBuildPhase;
			buildActionMask = 2147483647;
			files = (
				8FB44542267573A900394E5C /* CategoryGridView.swift in Sources */,
				8FA1B4ED265995DB00230CDC /* CustomShape.swift in Sources */,
				8FAFB49226598BA500C34571 /* ContentView.swift in Sources */,
				8FB4453726751EB600394E5C /* NavigationBarView.swift in Sources */,
				8FB4453D26756ACE00394E5C /* FeaturedTabView.swift in Sources */,
				8FA1B4FC2659964500230CDC /* CodableBundleExtension.swift in Sources */,
				8FB4452D2674D6AE00394E5C /* PlayerModel.swift in Sources */,
				8FAFB49026598BA500C34571 /* TouchDownAppApp.swift in Sources */,
				8FA1B4EE265995DB00230CDC /* Shop.swift in Sources */,
				8FB44535267518D900394E5C /* FooterView.swift in Sources */,
				8FB4452B2674D66800394E5C /* CategoryModel.swift in Sources */,
				8FA1B4EC265995DB00230CDC /* Constant.swift in Sources */,
				8FB445292674D64100394E5C /* BrandModel.swift in Sources */,
				8FB4454426767A3100394E5C /* CategoryItemView.swift in Sources */,
				8FB4453B267565F800394E5C /* FeaturedItemView.swift in Sources */,
				8FB4453926751FCA00394E5C /* LogoView.swift in Sources */,
				8FB4452F2674D6F900394E5C /* ProductModel.swift in Sources */,
			);
			runOnlyForDeploymentPostprocessing = 0;
		};
/* End PBXSourcesBuildPhase section */

/* Begin XCBuildConfiguration section */
		8FAFB49926598BA800C34571 /* Debug */ = {
			isa = XCBuildConfiguration;
			buildSettings = {
				ALWAYS_SEARCH_USER_PATHS = NO;
				CLANG_ANALYZER_NONNULL = YES;
				CLANG_ANALYZER_NUMBER_OBJECT_CONVERSION = YES_AGGRESSIVE;
				CLANG_CXX_LANGUAGE_STANDARD = "gnu++14";
				CLANG_CXX_LIBRARY = "libc++";
				CLANG_ENABLE_MODULES = YES;
				CLANG_ENABLE_OBJC_ARC = YES;
				CLANG_ENABLE_OBJC_WEAK = YES;
				CLANG_WARN_BLOCK_CAPTURE_AUTORELEASING = YES;
				CLANG_WARN_BOOL_CONVERSION = YES;
				CLANG_WARN_COMMA = YES;
				CLANG_WARN_CONSTANT_CONVERSION = YES;
				CLANG_WARN_DEPRECATED_OBJC_IMPLEMENTATIONS = YES;
				CLANG_WARN_DIRECT_OBJC_ISA_USAGE = YES_ERROR;
				CLANG_WARN_DOCUMENTATION_COMMENTS = YES;
				CLANG_WARN_EMPTY_BODY = YES;
				CLANG_WARN_ENUM_CONVERSION = YES;
				CLANG_WARN_INFINITE_RECURSION = YES;
				CLANG_WARN_INT_CONVERSION = YES;
				CLANG_WARN_NON_LITERAL_NULL_CONVERSION = YES;
				CLANG_WARN_OBJC_IMPLICIT_RETAIN_SELF = YES;
				CLANG_WARN_OBJC_LITERAL_CONVERSION = YES;
				CLANG_WARN_OBJC_ROOT_CLASS = YES_ERROR;
				CLANG_WARN_QUOTED_INCLUDE_IN_FRAMEWORK_HEADER = YES;
				CLANG_WARN_RANGE_LOOP_ANALYSIS = YES;
				CLANG_WARN_STRICT_PROTOTYPES = YES;
				CLANG_WARN_SUSPICIOUS_MOVE = YES;
				CLANG_WARN_UNGUARDED_AVAILABILITY = YES_AGGRESSIVE;
				CLANG_WARN_UNREACHABLE_CODE = YES;
				CLANG_WARN__DUPLICATE_METHOD_MATCH = YES;
				COPY_PHASE_STRIP = NO;
				DEBUG_INFORMATION_FORMAT = dwarf;
				ENABLE_STRICT_OBJC_MSGSEND = YES;
				ENABLE_TESTABILITY = YES;
				GCC_C_LANGUAGE_STANDARD = gnu11;
				GCC_DYNAMIC_NO_PIC = NO;
				GCC_NO_COMMON_BLOCKS = YES;
				GCC_OPTIMIZATION_LEVEL = 0;
				GCC_PREPROCESSOR_DEFINITIONS = (
					"DEBUG=1",
					"$(inherited)",
				);
				GCC_WARN_64_TO_32_BIT_CONVERSION = YES;
				GCC_WARN_ABOUT_RETURN_TYPE = YES_ERROR;
				GCC_WARN_UNDECLARED_SELECTOR = YES;
				GCC_WARN_UNINITIALIZED_AUTOS = YES_AGGRESSIVE;
				GCC_WARN_UNUSED_FUNCTION = YES;
				GCC_WARN_UNUSED_VARIABLE = YES;
				IPHONEOS_DEPLOYMENT_TARGET = 14.4;
				MTL_ENABLE_DEBUG_INFO = INCLUDE_SOURCE;
				MTL_FAST_MATH = YES;
				ONLY_ACTIVE_ARCH = YES;
				SDKROOT = iphoneos;
				SWIFT_ACTIVE_COMPILATION_CONDITIONS = DEBUG;
				SWIFT_OPTIMIZATION_LEVEL = "-Onone";
			};
			name = Debug;
		};
		8FAFB49A26598BA800C34571 /* Release */ = {
			isa = XCBuildConfiguration;
			buildSettings = {
				ALWAYS_SEARCH_USER_PATHS = NO;
				CLANG_ANALYZER_NONNULL = YES;
				CLANG_ANALYZER_NUMBER_OBJECT_CONVERSION = YES_AGGRESSIVE;
				CLANG_CXX_LANGUAGE_STANDARD = "gnu++14";
				CLANG_CXX_LIBRARY = "libc++";
				CLANG_ENABLE_MODULES = YES;
				CLANG_ENABLE_OBJC_ARC = YES;
				CLANG_ENABLE_OBJC_WEAK = YES;
				CLANG_WARN_BLOCK_CAPTURE_AUTORELEASING = YES;
				CLANG_WARN_BOOL_CONVERSION = YES;
				CLANG_WARN_COMMA = YES;
				CLANG_WARN_CONSTANT_CONVERSION = YES;
				CLANG_WARN_DEPRECATED_OBJC_IMPLEMENTATIONS = YES;
				CLANG_WARN_DIRECT_OBJC_ISA_USAGE = YES_ERROR;
				CLANG_WARN_DOCUMENTATION_COMMENTS = YES;
				CLANG_WARN_EMPTY_BODY = YES;
				CLANG_WARN_ENUM_CONVERSION = YES;
				CLANG_WARN_INFINITE_RECURSION = YES;
				CLANG_WARN_INT_CONVERSION = YES;
				CLANG_WARN_NON_LITERAL_NULL_CONVERSION = YES;
				CLANG_WARN_OBJC_IMPLICIT_RETAIN_SELF = YES;
				CLANG_WARN_OBJC_LITERAL_CONVERSION = YES;
				CLANG_WARN_OBJC_ROOT_CLASS = YES_ERROR;
				CLANG_WARN_QUOTED_INCLUDE_IN_FRAMEWORK_HEADER = YES;
				CLANG_WARN_RANGE_LOOP_ANALYSIS = YES;
				CLANG_WARN_STRICT_PROTOTYPES = YES;
				CLANG_WARN_SUSPICIOUS_MOVE = YES;
				CLANG_WARN_UNGUARDED_AVAILABILITY = YES_AGGRESSIVE;
				CLANG_WARN_UNREACHABLE_CODE = YES;
				CLANG_WARN__DUPLICATE_METHOD_MATCH = YES;
				COPY_PHASE_STRIP = NO;
				DEBUG_INFORMATION_FORMAT = "dwarf-with-dsym";
				ENABLE_NS_ASSERTIONS = NO;
				ENABLE_STRICT_OBJC_MSGSEND = YES;
				GCC_C_LANGUAGE_STANDARD = gnu11;
				GCC_NO_COMMON_BLOCKS = YES;
				GCC_WARN_64_TO_32_BIT_CONVERSION = YES;
				GCC_WARN_ABOUT_RETURN_TYPE = YES_ERROR;
				GCC_WARN_UNDECLARED_SELECTOR = YES;
				GCC_WARN_UNINITIALIZED_AUTOS = YES_AGGRESSIVE;
				GCC_WARN_UNUSED_FUNCTION = YES;
				GCC_WARN_UNUSED_VARIABLE = YES;
				IPHONEOS_DEPLOYMENT_TARGET = 14.4;
				MTL_ENABLE_DEBUG_INFO = NO;
				MTL_FAST_MATH = YES;
				SDKROOT = iphoneos;
				SWIFT_COMPILATION_MODE = wholemodule;
				SWIFT_OPTIMIZATION_LEVEL = "-O";
				VALIDATE_PRODUCT = YES;
			};
			name = Release;
		};
		8FAFB49C26598BA800C34571 /* Debug */ = {
			isa = XCBuildConfiguration;
			buildSettings = {
				ASSETCATALOG_COMPILER_APPICON_NAME = AppIcon;
				ASSETCATALOG_COMPILER_GLOBAL_ACCENT_COLOR_NAME = AccentColor;
				CODE_SIGN_STYLE = Automatic;
				DEVELOPMENT_ASSET_PATHS = "\"TouchDownApp/Preview Content\"";
				DEVELOPMENT_TEAM = ZYXWKAWWZ4;
				ENABLE_PREVIEWS = YES;
				INFOPLIST_FILE = TouchDownApp/Info.plist;
				IPHONEOS_DEPLOYMENT_TARGET = 14.0;
				LD_RUNPATH_SEARCH_PATHS = (
					"$(inherited)",
					"@executable_path/Frameworks",
				);
				PRODUCT_BUNDLE_IDENTIFIER = com.endpoint.TouchDownApp;
				PRODUCT_NAME = "$(TARGET_NAME)";
				SWIFT_VERSION = 5.0;
				TARGETED_DEVICE_FAMILY = "1,2";
			};
			name = Debug;
		};
		8FAFB49D26598BA800C34571 /* Release */ = {
			isa = XCBuildConfiguration;
			buildSettings = {
				ASSETCATALOG_COMPILER_APPICON_NAME = AppIcon;
				ASSETCATALOG_COMPILER_GLOBAL_ACCENT_COLOR_NAME = AccentColor;
				CODE_SIGN_STYLE = Automatic;
				DEVELOPMENT_ASSET_PATHS = "\"TouchDownApp/Preview Content\"";
				DEVELOPMENT_TEAM = ZYXWKAWWZ4;
				ENABLE_PREVIEWS = YES;
				INFOPLIST_FILE = TouchDownApp/Info.plist;
				IPHONEOS_DEPLOYMENT_TARGET = 14.0;
				LD_RUNPATH_SEARCH_PATHS = (
					"$(inherited)",
					"@executable_path/Frameworks",
				);
				PRODUCT_BUNDLE_IDENTIFIER = com.endpoint.TouchDownApp;
				PRODUCT_NAME = "$(TARGET_NAME)";
				SWIFT_VERSION = 5.0;
				TARGETED_DEVICE_FAMILY = "1,2";
			};
			name = Release;
		};
/* End XCBuildConfiguration section */

/* Begin XCConfigurationList section */
		8FAFB48726598BA500C34571 /* Build configuration list for PBXProject "TouchDownApp" */ = {
			isa = XCConfigurationList;
			buildConfigurations = (
				8FAFB49926598BA800C34571 /* Debug */,
				8FAFB49A26598BA800C34571 /* Release */,
			);
			defaultConfigurationIsVisible = 0;
			defaultConfigurationName = Release;
		};
		8FAFB49B26598BA800C34571 /* Build configuration list for PBXNativeTarget "TouchDownApp" */ = {
			isa = XCConfigurationList;
			buildConfigurations = (
				8FAFB49C26598BA800C34571 /* Debug */,
				8FAFB49D26598BA800C34571 /* Release */,
			);
			defaultConfigurationIsVisible = 0;
			defaultConfigurationName = Release;
		};
/* End XCConfigurationList section */
	};
	rootObject = 8FAFB48426598BA500C34571 /* Project object */;
}
